{
  "lockfileVersion": 1,
  "configVersion": 1,
  "workspaces": {
    "": {
      "name": "t-aia-902-tui",
      "dependencies": {
        "@opentui/core": "0.4.2",
      },
      "devDependencies": {
        "@types/bun": "latest",
        "typescript": "^7.0.1-rc",
      },
    },
  },
  "packages": {
    "@opentui/core": ["@opentui/core@0.4.2", "", { "dependencies": { "bun-ffi-structs": "0.2.3", "diff": "9.0.0", "marked": "17.0.1", "string-width": "7.2.0", "strip-ansi": "7.1.2" }, "optionalDependencies": { "@opentui/core-darwin-arm64": "0.4.2", "@opentui/core-darwin-x64": "0.4.2", "@opentui/core-linux-arm64": "0.4.2", "@opentui/core-linux-arm64-musl": "0.4.2", "@opentui/core-linux-x64": "0.4.2", "@opentui/core-linux-x64-musl": "0.4.2", "@opentui/core-win32-arm64": "0.4.2", "@opentui/core-win32-x64": "0.4.2" }, "peerDependencies": { "web-tree-sitter": "0.25.10" } }, "sha512-ulx6RMqftf2fm7Itf9e81GcCDMNY6NAhmnKYhllDOMYD+PxYXR+vomy2bxQNV5ow31RE7s8WQFnb7hWTRUbx2g=="],

    "@opentui/core-darwin-arm64": ["@opentui/core-darwin-arm64@0.4.2", "", { "os": "darwin", "cpu": "arm64" }, "sha512-is+O+sS/l3E9cZXyM9pRF1WhqnE+hYSPYoZkbseR9CthJcaWPGi3R3jUJa1cLj325252jWgxVupnDqFUtKg36w=="],

    "@opentui/core-darwin-x64": ["@opentui/core-darwin-x64@0.4.2", "", { "os": "darwin", "cpu": "x64" }, "sha512-ACi42h81DurSeybUAD1XyKT6xmXZcKeTxS54lZFi0CVZh46w0g99vNj8PlQzIFXvvFLT0e0IlRS//eWSWS2zGQ=="],

    "@opentui/core-linux-arm64": ["@opentui/core-linux-arm64@0.4.2", "", { "os": "linux", "cpu": "arm64" }, "sha512-RjOx2HcjLRtGSy9WrAGSdr5M9SpJuPifPORpImx6Mciovw0ltnE0uoYjIyor82uf6/LExWC7YA2AcAl+YBxayA=="],

    "@opentui/core-linux-arm64-musl": ["@opentui/core-linux-arm64-musl@0.4.2", "", { "os": "linux", "cpu": "arm64" }, "sha512-heNciL2ngPU+kq1h01PHLsxn6Fr8iqTFtbxSdVbhaY3XihuIjkuXyEhFeuoa1lsXY7Bb2gpWnX5EQVWnZsAuDQ=="],

    "@opentui/core-linux-x64": ["@opentui/core-linux-x64@0.4.2", "", { "os": "linux", "cpu": "x64" }, "sha512-9s0s/ooK+AhWP306By3gu+XhzcVEThC2sqKMPK1nQmGDujQhd+xOrtbtfCVcJSx62UzAovC2VNqypvP8vHByOg=="],

    "@opentui/core-linux-x64-musl": ["@opentui/core-linux-x64-musl@0.4.2", "", { "os": "linux", "cpu": "x64" }, "sha512-Cjv6Bv7l3p/KLNJr5RyqCS0FmRlAGJnkA2IK3S+HkHhCOv/O02S1G+DBUY6POnyjp1eNy95vauustApobhdbig=="],

    "@opentui/core-win32-arm64": ["@opentui/core-win32-arm64@0.4.2", "", { "os": "win32", "cpu": "arm64" }, "sha512-mfJZrJ0TNPFRZUzXNsxAPe1YdiWsy/vbTl93+yeXGHPI1B8Qnk9V5hpzSxxEyBGhlTHSfGNtgiO+VrrdRC3kZA=="],

    "@opentui/core-win32-x64": ["@opentui/core-win32-x64@0.4.2", "", { "os": "win32", "cpu": "x64" }, "sha512-P2oguG3ng3OMjAdasFSA3GhHaQXtzDUsIRDGbzWFOimpZ/zMemidp+JQ0V8V6XwK6Utk5G0aQ03oBaRCoLyYDw=="],

    "@types/bun": ["@types/bun@1.3.14", "", { "dependencies": { "bun-types": "1.3.14" } }, "sha512-h1hFqFVcvAvD9j9K7ZW7vd82aSA+rTdznZa+5bwvCwqSB1jmmfLcbIWhOLx1/+boy/xmjgCs/OMUL8hRJSmnPw=="],

    "@types/node": ["@types/node@26.0.0", "", { "dependencies": { "undici-types": "~8.3.0" } }, "sha512-vf2YFi1iY9lHGwNJMs01biZFbKJkrZR1T6/MlzjhJLPdntOHLhTrDSnSVcdtvjihi4VQNlrFRIxLsDBlQpAipA=="],

    "@typescript/typescript-aix-ppc64": ["@typescript/typescript-aix-ppc64@7.0.1-rc", "", { "os": "aix", "cpu": "ppc64" }, "sha512-oqq2ZfEJ7BQuufcC3QBQndZLPNyamYNHLao8lKRBeeSkZKypBqxPSgkzrcFZtbYcIaBvpiyUnQP9MT7DEYHWbw=="],

    "@typescript/typescript-darwin-arm64": ["@typescript/typescript-darwin-arm64@7.0.1-rc", "", { "os": "darwin", "cpu": "arm64" }, "sha512-Slc0yTftT2F/uGDmtPst8ijydneL6uZaLEyr2UjahxZpbhTjHFBJ5agXtVz/TL4A+ldxzjzj+E8QtLZlh/5mXw=="],

    "@typescript/typescript-darwin-x64": ["@typescript/typescript-darwin-x64@7.0.1-rc", "", { "os": "darwin", "cpu": "x64" }, "sha512-h68iFW/LbA1/BsGgSRGFw981/3s1f/rY27YrmeZNuN+ly7dI+fiDduwT9ZT9866x2onoKNRq7PTyxSKyKDzfAQ=="],

    "@typescript/typescript-freebsd-arm64": ["@typescript/typescript-freebsd-arm64@7.0.1-rc", "", { "os": "freebsd", "cpu": "arm64" }, "sha512-DE+ppd8Ix2c6OMuRkKY4PJ4hngMGJ9M95OQUP17p9xL/1IKXof7npIeuusMN/bgL5o5JzMfSGh+N+5scTYRg0Q=="],

    "@typescript/typescript-freebsd-x64": ["@typescript/typescript-freebsd-x64@7.0.1-rc", "", { "os": "freebsd", "cpu": "x64" }, "sha512-ST1ozHMw0u+CLOnWkcTyWDMV4Qn9osZ6fd1V1lnKDM1t0hZIp81mdGpdHxyHJjd7jdGrb6Gb/QXcZ1uqZ0t5zw=="],

    "@typescript/typescript-linux-arm": ["@typescript/typescript-linux-arm@7.0.1-rc", "", { "os": "linux", "cpu": "arm" }, "sha512-gHmHwT5Naq5CKM8g9bbaGeEpnwQEvWCLn3fwP4K2m61VQdDKkPk0Dhab/OoZ4LV2SrMddmclYXTzpyg23YGt5g=="],

    "@typescript/typescript-linux-arm64": ["@typescript/typescript-linux-arm64@7.0.1-rc", "", { "os": "linux", "cpu": "arm64" }, "sha512-N46pRihK3t5zD5MUtTQcdmQUqr1WI4U2nxno1gLwOtRSsB4krFkRjPHcQNG7h2DtRkX64rQiReX6WKwg2wprMA=="],

    "@typescript/typescript-linux-loong64": ["@typescript/typescript-linux-loong64@7.0.1-rc", "", { "os": "linux", "cpu": "none" }, "sha512-G17Sao312rgiPBTh2F4nOpLpa3CcnBSaNhqNghZk2LNhnsp1RaMO5HMq2me21gqu9xLpc6CIgHtOzU6JBgNlfg=="],

    "@typescript/typescript-linux-mips64el": ["@typescript/typescript-linux-mips64el@7.0.1-rc", "", { "os": "linux", "cpu": "none" }, "sha512-0FQspOb5UsQ4tQKvWgUO3pS9OIWkP7/8dPRWq+CRazJUeQZ4LBjtYK52jg5iIOrvItrVl2CwvRtrU3/9OihwJg=="],

    "@typescript/typescript-linux-ppc64": ["@typescript/typescript-linux-ppc64@7.0.1-rc", "", { "os": "linux", "cpu": "ppc64" }, "sha512-SUmwfVBEv6A2Ld0eWfcvW0FqrgemfQL8jFGOmV1qYxsDqumjE5DekHXqbstgmbE4SHr4rrjHjvmuGCY+kTH/vw=="],

    "@typescript/typescript-linux-riscv64": ["@typescript/typescript-linux-riscv64@7.0.1-rc", "", { "os": "linux", "cpu": "none" }, "sha512-rxeqnNnGiYzv/LlPHi/3+4p0ooR1cNJLjRIHXKovtiVmxXGJq6gtw8VSpbHuWPekyFMXgIAoLCZN0SQ51rAALQ=="],

    "@typescript/typescript-linux-s390x": ["@typescript/typescript-linux-s390x@7.0.1-rc", "", { "os": "linux", "cpu": "s390x" }, "sha512-RYWCHCiPypxajdRHM2CNK/eM22e4Ex5TTjV2pXf7PTtBowGr0xX8i8kIMknyZS0LX2QfleYHouaoMVsFDSle3g=="],

    "@typescript/typescript-linux-x64": ["@typescript/typescript-linux-x64@7.0.1-rc", "", { "os": "linux", "cpu": "x64" }, "sha512-PfLJSu0JzroDkqw2m4nqflPEcn8yev0m/vHFQlY9EzHorzjR6QG0wL8AJHvnD1e6h1s76AZngJ5u+z1K/D/HKw=="],

    "@typescript/typescript-netbsd-arm64": ["@typescript/typescript-netbsd-arm64@7.0.1-rc", "", { "os": "none", "cpu": "arm64" }, "sha512-FfbPxH3dTfp8yVIaNM7bdWTixXuyxpzoemluqcqMROSIz+ImpCG3Q9HO9Ptzp9/giv+P9YYEnCMSXh61migj2w=="],

    "@typescript/typescript-netbsd-x64": ["@typescript/typescript-netbsd-x64@7.0.1-rc", "", { "os": "none", "cpu": "x64" }, "sha512-FzdTfSzhRYb6hlav6K3cI5RVgcvCTvNAu/vc+t7B6AmZkThQ+t/1ntnvT5fnHmY1Az2RIBw7/b+qtCEG61HJTQ=="],

    "@typescript/typescript-openbsd-arm64": ["@typescript/typescript-openbsd-arm64@7.0.1-rc", "", { "os": "openbsd", "cpu": "arm64" }, "sha512-PQGhlxfNig+0YQ9Wwzd0USPBkt6w/ZqkBQWsU7G/0JkTzunJel+jSWwhKw4947pak/m7hGSeYiI04xReDLGZww=="],

    "@typescript/typescript-openbsd-x64": ["@typescript/typescript-openbsd-x64@7.0.1-rc", "", { "os": "openbsd", "cpu": "x64" }, "sha512-WJ7NYgO2mHmLUkI/tZ+hl8lFd26QPJqO8ONOHNuYbdsybLvSB6B6sep222JIVrOfPRDGvFinbGGB+l3m1FWRWA=="],

    "@typescript/typescript-sunos-x64": ["@typescript/typescript-sunos-x64@7.0.1-rc", "", { "os": "sunos", "cpu": "x64" }, "sha512-UYjDeUxd765V9qcwlUPk4pEXyL0i3G76CJm9baK4i99u1pGO1psf3nXDw4MMmElVOPvGbZag99ZR/O59E2OX6w=="],

    "@typescript/typescript-win32-arm64": ["@typescript/typescript-win32-arm64@7.0.1-rc", "", { "os": "win32", "cpu": "arm64" }, "sha512-KzXzFSXZOm7zvEt2Aw0MsB2LbTL88znAiVqTDNAOHdlEb7brgmUQh/X2wM/8Be+N0fjEqWKl65cBKNwpWEbJiw=="],

    "@typescript/typescript-win32-x64": ["@typescript/typescript-win32-x64@7.0.1-rc", "", { "os": "win32", "cpu": "x64" }, "sha512-98R3+OqDr/r0/PLWEoXu88AE0lGVLNd335Ew8ONgzK1JWkNs4ou/5BGt3Or1ij4iXjH+c7PRL+jFjCbtWze+EA=="],

    "ansi-regex": ["ansi-regex@6.2.2", "", {}, "sha512-Bq3SmSpyFHaWjPk8If9yc6svM8c56dB5BAtW4Qbw5jHTwwXXcTLoRMkpDJp6VL0XzlWaCHTXrkFURMYmD0sLqg=="],

    "bun-ffi-structs": ["bun-ffi-structs@0.2.3", "", { "peerDependencies": { "typescript": "^5" } }, "sha512-pgJiXP+hEgFo9qG51J6ItfY4ocs3vniwNzJ9WhoakB3QB2GdzQxX2EXssentPYlB2hOfJrTjO6iIQkWYzUodpg=="],

    "bun-types": ["bun-types@1.3.14", "", { "dependencies": { "@types/node": "*" } }, "sha512-4N0ig0fEomHt5R0KCFWjovxow98rIoRwKolrYdCcknNwMekCXRnWEUvgu5soYV8QXtVsrUD8B95MBOZGPvr6KQ=="],

    "diff": ["diff@9.0.0", "", {}, "sha512-svtcdpS8CgJyqAjEQIXdb3OjhFVVYjzGAPO8WGCmRbrml64SPw/jJD4GoE98aR7r25A0XcgrK3F02yw9R/vhQw=="],

    "emoji-regex": ["emoji-regex@10.6.0", "", {}, "sha512-toUI84YS5YmxW219erniWD0CIVOo46xGKColeNQRgOzDorgBi1v4D71/OFzgD9GO2UGKIv1C3Sp8DAn0+j5w7A=="],

    "get-east-asian-width": ["get-east-asian-width@1.6.0", "", {}, "sha512-QRbvDIbx6YklUe6RxeTeleMR0yv3cYH6PsPZHcnVn7xv7zO1BHN8r0XETu8n6Ye3Q+ahtSarc3WgtNWmehIBfA=="],

    "marked": ["marked@17.0.1", "", { "bin": { "marked": "bin/marked.js" } }, "sha512-boeBdiS0ghpWcSwoNm/jJBwdpFaMnZWRzjA6SkUMYb40SVaN1x7mmfGKp0jvexGcx+7y2La5zRZsYFZI6Qpypg=="],

    "string-width": ["string-width@7.2.0", "", { "dependencies": { "emoji-regex": "^10.3.0", "get-east-asian-width": "^1.0.0", "strip-ansi": "^7.1.0" } }, "sha512-tsaTIkKW9b4N+AEj+SVA+WhJzV7/zMhcSu78mLKWSk7cXMOSHsBKFWUs0fWwq8QyK3MgJBQRX6Gbi4kYbdvGkQ=="],

    "strip-ansi": ["strip-ansi@7.1.2", "", { "dependencies": { "ansi-regex": "^6.0.1" } }, "sha512-gmBGslpoQJtgnMAvOVqGZpEz9dyoKTCzy2nfz/n8aIFhN/jCE/rCmcxabB6jOOHV+0WNnylOxaxBQPSvcWklhA=="],

    "typescript": ["typescript@7.0.1-rc", "", { "optionalDependencies": { "@typescript/typescript-aix-ppc64": "7.0.1-rc", "@typescript/typescript-darwin-arm64": "7.0.1-rc", "@typescript/typescript-darwin-x64": "7.0.1-rc", "@typescript/typescript-freebsd-arm64": "7.0.1-rc", "@typescript/typescript-freebsd-x64": "7.0.1-rc", "@typescript/typescript-linux-arm": "7.0.1-rc", "@typescript/typescript-linux-arm64": "7.0.1-rc", "@typescript/typescript-linux-loong64": "7.0.1-rc", "@typescript/typescript-linux-mips64el": "7.0.1-rc", "@typescript/typescript-linux-ppc64": "7.0.1-rc", "@typescript/typescript-linux-riscv64": "7.0.1-rc", "@typescript/typescript-linux-s390x": "7.0.1-rc", "@typescript/typescript-linux-x64": "7.0.1-rc", "@typescript/typescript-netbsd-arm64": "7.0.1-rc", "@typescript/typescript-netbsd-x64": "7.0.1-rc", "@typescript/typescript-openbsd-arm64": "7.0.1-rc", "@typescript/typescript-openbsd-x64": "7.0.1-rc", "@typescript/typescript-sunos-x64": "7.0.1-rc", "@typescript/typescript-win32-arm64": "7.0.1-rc", "@typescript/typescript-win32-x64": "7.0.1-rc" }, "bin": { "tsc": "bin/tsc" } }, "sha512-drEP77wK7CCDlPfXZH4e008UUQOsw1DFmHmZOZjuNA+yoDLLnSNMZRXi90NbV/1LVo7SbNLq1bs3jjvk49TEqQ=="],

    "undici-types": ["undici-types@8.3.0", "", {}, "sha512-j375ScV60dom+YkPFIfTLcOiPxkN/buHz5GobjLhixFuANaNs3C9l4GmrWqejgXWJ7BbJcFYpTEUkS1Ge8bpZQ=="],

    "web-tree-sitter": ["web-tree-sitter@0.25.10", "", { "peerDependencies": { "@types/emscripten": "^1.40.0" }, "optionalPeers": ["@types/emscripten"] }, "sha512-Y09sF44/13XvgVKgO2cNDw5rGk6s26MgoZPXLESvMXeefBf7i6/73eFurre0IsTW6E14Y0ArIzhUMmjoc7xyzA=="],
  }
}
